
Microsoft Visual Studio Solution File, Format Version 12.00
# Visual Studio 15
VisualStudioVersion = 15.0.28307.271
MinimumVisualStudioVersion = 10.0.40219.1
Project("{FAE04EC0-301F-11D3-BF4B-00C04F79EFBC}") = "Algorithm", "Algorithm\Algorithm.csproj", "{02E303CD-2C0C-4EE4-A634-9A77C870399E}"
EndProject
Global
	GlobalSection(SolutionConfigurationPlatforms) = preSolution
		Debug|Any CPU = Debug|Any CPU
		Release|Any CPU = Release|Any CPU
	EndGlobalSection
	GlobalSection(ProjectConfigurationPlatforms) = postSolution
		{02E303CD-2C0C-4EE4-A634-9A77C870399E}.Debug|Any CPU.ActiveCfg = Debug|Any CPU
		{02E303CD-2C0C-4EE4-A634-9A77C870399E}.Debug|Any CPU.Build.0 = Debug|Any CPU
		{02E303CD-2C0C-4EE4-A634-9A77C870399E}.Release|Any CPU.ActiveCfg = Release|Any CPU
		{02E303CD-2C0C-4EE4-A634-9A77C870399E}.Release|Any CPU.Build.0 = Release|Any CPU
	EndGlobalSection
	GlobalSection(SolutionProperties) = preSolution
		HideSolutionNode = FALSE
	EndGlobalSection
	GlobalSection(ExtensibilityGlobals) = postSolution
		SolutionGuid = {37544BC9-DE86-4C18-B5B6-23669A8FE6F5}
	EndGlobalSection
EndGlobal
